
Microsoft Visual Studio Solution File, Format Version 12.00
# Visual Studio Version 16
VisualStudioVersion = 16.0.30503.244
MinimumVisualStudioVersion = 10.0.40219.1
Project("{9A19103F-16F7-4668-BE54-9A1E7A4F7556}") = "Tests", "Tests\Tests.csproj", "{A42B14DE-2677-473A-9518-3A86B5A01E0C}"
EndProject
Project("{9A19103F-16F7-4668-BE54-9A1E7A4F7556}") = "Domain", "Domain\Domain.csproj", "{445A20B8-69C3-466C-A3CC-44F3AE4BCC68}"
EndProject
Project("{9A19103F-16F7-4668-BE54-9A1E7A4F7556}") = "WebApplication", "WebApplication\WebApplication.csproj", "{588AE9A2-7599-4509-960D-9780CBAE7E17}"
EndProject
Project("{9A19103F-16F7-4668-BE54-9A1E7A4F7556}") = "PersistenceInterface", "PersistenceInterface\PersistenceInterface.csproj", "{C820B803-3BB4-42C7-822A-91195A92D629}"
EndProject
Project("{9A19103F-16F7-4668-BE54-9A1E7A4F7556}") = "Persistence", "Persistence\Persistence.csproj", "{EF2E76F1-31EE-4D05-9F1D-14888C7EA3F2}"
EndProject
Project("{9A19103F-16F7-4668-BE54-9A1E7A4F7556}") = "LogicInterface", "LogicInterface\LogicInterface.csproj", "{42C0B005-86F1-4152-9C75-B0D8E7D30491}"
EndProject
Project("{9A19103F-16F7-4668-BE54-9A1E7A4F7556}") = "Logic", "Logic\Logic.csproj", "{7B771B91-7242-4D64-847B-683BF38742F7}"
EndProject
Global
	GlobalSection(SolutionConfigurationPlatforms) = preSolution
		Debug|Any CPU = Debug|Any CPU
		Release|Any CPU = Release|Any CPU
	EndGlobalSection
	GlobalSection(ProjectConfigurationPlatforms) = postSolution
		{A42B14DE-2677-473A-9518-3A86B5A01E0C}.Debug|Any CPU.ActiveCfg = Debug|Any CPU
		{A42B14DE-2677-473A-9518-3A86B5A01E0C}.Debug|Any CPU.Build.0 = Debug|Any CPU
		{A42B14DE-2677-473A-9518-3A86B5A01E0C}.Release|Any CPU.ActiveCfg = Release|Any CPU
		{A42B14DE-2677-473A-9518-3A86B5A01E0C}.Release|Any CPU.Build.0 = Release|Any CPU
		{445A20B8-69C3-466C-A3CC-44F3AE4BCC68}.Debug|Any CPU.ActiveCfg = Debug|Any CPU
		{445A20B8-69C3-466C-A3CC-44F3AE4BCC68}.Debug|Any CPU.Build.0 = Debug|Any CPU
		{445A20B8-69C3-466C-A3CC-44F3AE4BCC68}.Release|Any CPU.ActiveCfg = Release|Any CPU
		{445A20B8-69C3-466C-A3CC-44F3AE4BCC68}.Release|Any CPU.Build.0 = Release|Any CPU
		{588AE9A2-7599-4509-960D-9780CBAE7E17}.Debug|Any CPU.ActiveCfg = Debug|Any CPU
		{588AE9A2-7599-4509-960D-9780CBAE7E17}.Debug|Any CPU.Build.0 = Debug|Any CPU
		{588AE9A2-7599-4509-960D-9780CBAE7E17}.Release|Any CPU.ActiveCfg = Release|Any CPU
		{588AE9A2-7599-4509-960D-9780CBAE7E17}.Release|Any CPU.Build.0 = Release|Any CPU
		{C820B803-3BB4-42C7-822A-91195A92D629}.Debug|Any CPU.ActiveCfg = Debug|Any CPU
		{C820B803-3BB4-42C7-822A-91195A92D629}.Debug|Any CPU.Build.0 = Debug|Any CPU
		{C820B803-3BB4-42C7-822A-91195A92D629}.Release|Any CPU.ActiveCfg = Release|Any CPU
		{C820B803-3BB4-42C7-822A-91195A92D629}.Release|Any CPU.Build.0 = Release|Any CPU
		{EF2E76F1-31EE-4D05-9F1D-14888C7EA3F2}.Debug|Any CPU.ActiveCfg = Debug|Any CPU
		{EF2E76F1-31EE-4D05-9F1D-14888C7EA3F2}.Debug|Any CPU.Build.0 = Debug|Any CPU
		{EF2E76F1-31EE-4D05-9F1D-14888C7EA3F2}.Release|Any CPU.ActiveCfg = Release|Any CPU
		{EF2E76F1-31EE-4D05-9F1D-14888C7EA3F2}.Release|Any CPU.Build.0 = Release|Any CPU
		{42C0B005-86F1-4152-9C75-B0D8E7D30491}.Debug|Any CPU.ActiveCfg = Debug|Any CPU
		{42C0B005-86F1-4152-9C75-B0D8E7D30491}.Debug|Any CPU.Build.0 = Debug|Any CPU
		{42C0B005-86F1-4152-9C75-B0D8E7D30491}.Release|Any CPU.ActiveCfg = Release|Any CPU
		{42C0B005-86F1-4152-9C75-B0D8E7D30491}.Release|Any CPU.Build.0 = Release|Any CPU
		{7B771B91-7242-4D64-847B-683BF38742F7}.Debug|Any CPU.ActiveCfg = Debug|Any CPU
		{7B771B91-7242-4D64-847B-683BF38742F7}.Debug|Any CPU.Build.0 = Debug|Any CPU
		{7B771B91-7242-4D64-847B-683BF38742F7}.Release|Any CPU.ActiveCfg = Release|Any CPU
		{7B771B91-7242-4D64-847B-683BF38742F7}.Release|Any CPU.Build.0 = Release|Any CPU
	EndGlobalSection
	GlobalSection(SolutionProperties) = preSolution
		HideSolutionNode = FALSE
	EndGlobalSection
	GlobalSection(ExtensibilityGlobals) = postSolution
		SolutionGuid = {E1C60DC3-4ED0-4E69-BD4C-C3671E946846}
	EndGlobalSection
EndGlobal
