
Microsoft Visual Studio Solution File, Format Version 12.00
# Visual Studio Version 16
VisualStudioVersion = 16.0.30503.244
MinimumVisualStudioVersion = 10.0.40219.1
Project("{9A19103F-16F7-4668-BE54-9A1E7A4F7556}") = "Domain", "Domain\Domain.csproj", "{445A20B8-69C3-466C-A3CC-44F3AE4BCC68}"
EndProject
Project("{9A19103F-16F7-4668-BE54-9A1E7A4F7556}") = "WebApplication", "WebApplication\WebApplication.csproj", "{588AE9A2-7599-4509-960D-9780CBAE7E17}"
EndProject
Project("{9A19103F-16F7-4668-BE54-9A1E7A4F7556}") = "PersistenceInterface", "PersistenceInterface\PersistenceInterface.csproj", "{C820B803-3BB4-42C7-822A-91195A92D629}"
EndProject
Project("{9A19103F-16F7-4668-BE54-9A1E7A4F7556}") = "Persistence", "Persistence\Persistence.csproj", "{EF2E76F1-31EE-4D05-9F1D-14888C7EA3F2}"
EndProject
Project("{9A19103F-16F7-4668-BE54-9A1E7A4F7556}") = "LogicInterface", "LogicInterface\LogicInterface.csproj", "{42C0B005-86F1-4152-9C75-B0D8E7D30491}"
EndProject
Project("{9A19103F-16F7-4668-BE54-9A1E7A4F7556}") = "Logic", "Logic\Logic.csproj", "{7B771B91-7242-4D64-847B-683BF38742F7}"
EndProject
Project("{9A19103F-16F7-4668-BE54-9A1E7A4F7556}") = "Models", "Models\Models.csproj", "{7FFE8D57-E370-4F43-88F3-358AED255DB1}"
EndProject
Project("{9A19103F-16F7-4668-BE54-9A1E7A4F7556}") = "WebApplicationTest", "WebApplicationTest\WebApplicationTest.csproj", "{0F8645A5-B0E4-4104-A3FC-C9AF4DFDA08F}"
EndProject
Project("{9A19103F-16F7-4668-BE54-9A1E7A4F7556}") = "LogicTest", "LogicTest\LogicTest.csproj", "{CFAEBD36-4CDA-47C4-8B14-38960C3C4634}"
EndProject
Project("{9A19103F-16F7-4668-BE54-9A1E7A4F7556}") = "PersistenceTest", "PersistenceTest\PersistenceTest.csproj", "{9D3E704B-2253-47CC-B8C2-E8C162FF355C}"
EndProject
Project("{9A19103F-16F7-4668-BE54-9A1E7A4F7556}") = "JsonImporter", "JsonImporter\JsonImporter.csproj", "{311E631E-966F-423A-AF13-BFEFEC7973C0}"
EndProject
Project("{FAE04EC0-301F-11D3-BF4B-00C04F79EFBC}") = "Dummy", "Dummy\Dummy.csproj", "{DD1048AA-76FA-4614-A426-E3980D66C6E3}"
EndProject
Global
	GlobalSection(SolutionConfigurationPlatforms) = preSolution
		Debug|Any CPU = Debug|Any CPU
		Debug|x64 = Debug|x64
		Debug|x86 = Debug|x86
		Release|Any CPU = Release|Any CPU
		Release|x64 = Release|x64
		Release|x86 = Release|x86
	EndGlobalSection
	GlobalSection(ProjectConfigurationPlatforms) = postSolution
		{445A20B8-69C3-466C-A3CC-44F3AE4BCC68}.Debug|Any CPU.ActiveCfg = Debug|Any CPU
		{445A20B8-69C3-466C-A3CC-44F3AE4BCC68}.Debug|Any CPU.Build.0 = Debug|Any CPU
		{445A20B8-69C3-466C-A3CC-44F3AE4BCC68}.Debug|x64.ActiveCfg = Debug|Any CPU
		{445A20B8-69C3-466C-A3CC-44F3AE4BCC68}.Debug|x64.Build.0 = Debug|Any CPU
		{445A20B8-69C3-466C-A3CC-44F3AE4BCC68}.Debug|x86.ActiveCfg = Debug|Any CPU
		{445A20B8-69C3-466C-A3CC-44F3AE4BCC68}.Debug|x86.Build.0 = Debug|Any CPU
		{445A20B8-69C3-466C-A3CC-44F3AE4BCC68}.Release|Any CPU.ActiveCfg = Release|Any CPU
		{445A20B8-69C3-466C-A3CC-44F3AE4BCC68}.Release|Any CPU.Build.0 = Release|Any CPU
		{445A20B8-69C3-466C-A3CC-44F3AE4BCC68}.Release|x64.ActiveCfg = Release|Any CPU
		{445A20B8-69C3-466C-A3CC-44F3AE4BCC68}.Release|x64.Build.0 = Release|Any CPU
		{445A20B8-69C3-466C-A3CC-44F3AE4BCC68}.Release|x86.ActiveCfg = Release|Any CPU
		{445A20B8-69C3-466C-A3CC-44F3AE4BCC68}.Release|x86.Build.0 = Release|Any CPU
		{588AE9A2-7599-4509-960D-9780CBAE7E17}.Debug|Any CPU.ActiveCfg = Debug|Any CPU
		{588AE9A2-7599-4509-960D-9780CBAE7E17}.Debug|Any CPU.Build.0 = Debug|Any CPU
		{588AE9A2-7599-4509-960D-9780CBAE7E17}.Debug|x64.ActiveCfg = Debug|Any CPU
		{588AE9A2-7599-4509-960D-9780CBAE7E17}.Debug|x64.Build.0 = Debug|Any CPU
		{588AE9A2-7599-4509-960D-9780CBAE7E17}.Debug|x86.ActiveCfg = Debug|Any CPU
		{588AE9A2-7599-4509-960D-9780CBAE7E17}.Debug|x86.Build.0 = Debug|Any CPU
		{588AE9A2-7599-4509-960D-9780CBAE7E17}.Release|Any CPU.ActiveCfg = Release|Any CPU
		{588AE9A2-7599-4509-960D-9780CBAE7E17}.Release|Any CPU.Build.0 = Release|Any CPU
		{588AE9A2-7599-4509-960D-9780CBAE7E17}.Release|x64.ActiveCfg = Release|Any CPU
		{588AE9A2-7599-4509-960D-9780CBAE7E17}.Release|x64.Build.0 = Release|Any CPU
		{588AE9A2-7599-4509-960D-9780CBAE7E17}.Release|x86.ActiveCfg = Release|Any CPU
		{588AE9A2-7599-4509-960D-9780CBAE7E17}.Release|x86.Build.0 = Release|Any CPU
		{C820B803-3BB4-42C7-822A-91195A92D629}.Debug|Any CPU.ActiveCfg = Debug|Any CPU
		{C820B803-3BB4-42C7-822A-91195A92D629}.Debug|Any CPU.Build.0 = Debug|Any CPU
		{C820B803-3BB4-42C7-822A-91195A92D629}.Debug|x64.ActiveCfg = Debug|Any CPU
		{C820B803-3BB4-42C7-822A-91195A92D629}.Debug|x64.Build.0 = Debug|Any CPU
		{C820B803-3BB4-42C7-822A-91195A92D629}.Debug|x86.ActiveCfg = Debug|Any CPU
		{C820B803-3BB4-42C7-822A-91195A92D629}.Debug|x86.Build.0 = Debug|Any CPU
		{C820B803-3BB4-42C7-822A-91195A92D629}.Release|Any CPU.ActiveCfg = Release|Any CPU
		{C820B803-3BB4-42C7-822A-91195A92D629}.Release|Any CPU.Build.0 = Release|Any CPU
		{C820B803-3BB4-42C7-822A-91195A92D629}.Release|x64.ActiveCfg = Release|Any CPU
		{C820B803-3BB4-42C7-822A-91195A92D629}.Release|x64.Build.0 = Release|Any CPU
		{C820B803-3BB4-42C7-822A-91195A92D629}.Release|x86.ActiveCfg = Release|Any CPU
		{C820B803-3BB4-42C7-822A-91195A92D629}.Release|x86.Build.0 = Release|Any CPU
		{EF2E76F1-31EE-4D05-9F1D-14888C7EA3F2}.Debug|Any CPU.ActiveCfg = Debug|Any CPU
		{EF2E76F1-31EE-4D05-9F1D-14888C7EA3F2}.Debug|Any CPU.Build.0 = Debug|Any CPU
		{EF2E76F1-31EE-4D05-9F1D-14888C7EA3F2}.Debug|x64.ActiveCfg = Debug|Any CPU
		{EF2E76F1-31EE-4D05-9F1D-14888C7EA3F2}.Debug|x64.Build.0 = Debug|Any CPU
		{EF2E76F1-31EE-4D05-9F1D-14888C7EA3F2}.Debug|x86.ActiveCfg = Debug|Any CPU
		{EF2E76F1-31EE-4D05-9F1D-14888C7EA3F2}.Debug|x86.Build.0 = Debug|Any CPU
		{EF2E76F1-31EE-4D05-9F1D-14888C7EA3F2}.Release|Any CPU.ActiveCfg = Release|Any CPU
		{EF2E76F1-31EE-4D05-9F1D-14888C7EA3F2}.Release|Any CPU.Build.0 = Release|Any CPU
		{EF2E76F1-31EE-4D05-9F1D-14888C7EA3F2}.Release|x64.ActiveCfg = Release|Any CPU
		{EF2E76F1-31EE-4D05-9F1D-14888C7EA3F2}.Release|x64.Build.0 = Release|Any CPU
		{EF2E76F1-31EE-4D05-9F1D-14888C7EA3F2}.Release|x86.ActiveCfg = Release|Any CPU
		{EF2E76F1-31EE-4D05-9F1D-14888C7EA3F2}.Release|x86.Build.0 = Release|Any CPU
		{42C0B005-86F1-4152-9C75-B0D8E7D30491}.Debug|Any CPU.ActiveCfg = Debug|Any CPU
		{42C0B005-86F1-4152-9C75-B0D8E7D30491}.Debug|Any CPU.Build.0 = Debug|Any CPU
		{42C0B005-86F1-4152-9C75-B0D8E7D30491}.Debug|x64.ActiveCfg = Debug|Any CPU
		{42C0B005-86F1-4152-9C75-B0D8E7D30491}.Debug|x64.Build.0 = Debug|Any CPU
		{42C0B005-86F1-4152-9C75-B0D8E7D30491}.Debug|x86.ActiveCfg = Debug|Any CPU
		{42C0B005-86F1-4152-9C75-B0D8E7D30491}.Debug|x86.Build.0 = Debug|Any CPU
		{42C0B005-86F1-4152-9C75-B0D8E7D30491}.Release|Any CPU.ActiveCfg = Release|Any CPU
		{42C0B005-86F1-4152-9C75-B0D8E7D30491}.Release|Any CPU.Build.0 = Release|Any CPU
		{42C0B005-86F1-4152-9C75-B0D8E7D30491}.Release|x64.ActiveCfg = Release|Any CPU
		{42C0B005-86F1-4152-9C75-B0D8E7D30491}.Release|x64.Build.0 = Release|Any CPU
		{42C0B005-86F1-4152-9C75-B0D8E7D30491}.Release|x86.ActiveCfg = Release|Any CPU
		{42C0B005-86F1-4152-9C75-B0D8E7D30491}.Release|x86.Build.0 = Release|Any CPU
		{7B771B91-7242-4D64-847B-683BF38742F7}.Debug|Any CPU.ActiveCfg = Debug|Any CPU
		{7B771B91-7242-4D64-847B-683BF38742F7}.Debug|Any CPU.Build.0 = Debug|Any CPU
		{7B771B91-7242-4D64-847B-683BF38742F7}.Debug|x64.ActiveCfg = Debug|Any CPU
		{7B771B91-7242-4D64-847B-683BF38742F7}.Debug|x64.Build.0 = Debug|Any CPU
		{7B771B91-7242-4D64-847B-683BF38742F7}.Debug|x86.ActiveCfg = Debug|Any CPU
		{7B771B91-7242-4D64-847B-683BF38742F7}.Debug|x86.Build.0 = Debug|Any CPU
		{7B771B91-7242-4D64-847B-683BF38742F7}.Release|Any CPU.ActiveCfg = Release|Any CPU
		{7B771B91-7242-4D64-847B-683BF38742F7}.Release|Any CPU.Build.0 = Release|Any CPU
		{7B771B91-7242-4D64-847B-683BF38742F7}.Release|x64.ActiveCfg = Release|Any CPU
		{7B771B91-7242-4D64-847B-683BF38742F7}.Release|x64.Build.0 = Release|Any CPU
		{7B771B91-7242-4D64-847B-683BF38742F7}.Release|x86.ActiveCfg = Release|Any CPU
		{7B771B91-7242-4D64-847B-683BF38742F7}.Release|x86.Build.0 = Release|Any CPU
		{7FFE8D57-E370-4F43-88F3-358AED255DB1}.Debug|Any CPU.ActiveCfg = Debug|Any CPU
		{7FFE8D57-E370-4F43-88F3-358AED255DB1}.Debug|Any CPU.Build.0 = Debug|Any CPU
		{7FFE8D57-E370-4F43-88F3-358AED255DB1}.Debug|x64.ActiveCfg = Debug|Any CPU
		{7FFE8D57-E370-4F43-88F3-358AED255DB1}.Debug|x64.Build.0 = Debug|Any CPU
		{7FFE8D57-E370-4F43-88F3-358AED255DB1}.Debug|x86.ActiveCfg = Debug|Any CPU
		{7FFE8D57-E370-4F43-88F3-358AED255DB1}.Debug|x86.Build.0 = Debug|Any CPU
		{7FFE8D57-E370-4F43-88F3-358AED255DB1}.Release|Any CPU.ActiveCfg = Release|Any CPU
		{7FFE8D57-E370-4F43-88F3-358AED255DB1}.Release|Any CPU.Build.0 = Release|Any CPU
		{7FFE8D57-E370-4F43-88F3-358AED255DB1}.Release|x64.ActiveCfg = Release|Any CPU
		{7FFE8D57-E370-4F43-88F3-358AED255DB1}.Release|x64.Build.0 = Release|Any CPU
		{7FFE8D57-E370-4F43-88F3-358AED255DB1}.Release|x86.ActiveCfg = Release|Any CPU
		{7FFE8D57-E370-4F43-88F3-358AED255DB1}.Release|x86.Build.0 = Release|Any CPU
		{0F8645A5-B0E4-4104-A3FC-C9AF4DFDA08F}.Debug|Any CPU.ActiveCfg = Debug|Any CPU
		{0F8645A5-B0E4-4104-A3FC-C9AF4DFDA08F}.Debug|Any CPU.Build.0 = Debug|Any CPU
		{0F8645A5-B0E4-4104-A3FC-C9AF4DFDA08F}.Debug|x64.ActiveCfg = Debug|Any CPU
		{0F8645A5-B0E4-4104-A3FC-C9AF4DFDA08F}.Debug|x64.Build.0 = Debug|Any CPU
		{0F8645A5-B0E4-4104-A3FC-C9AF4DFDA08F}.Debug|x86.ActiveCfg = Debug|Any CPU
		{0F8645A5-B0E4-4104-A3FC-C9AF4DFDA08F}.Debug|x86.Build.0 = Debug|Any CPU
		{0F8645A5-B0E4-4104-A3FC-C9AF4DFDA08F}.Release|Any CPU.ActiveCfg = Release|Any CPU
		{0F8645A5-B0E4-4104-A3FC-C9AF4DFDA08F}.Release|Any CPU.Build.0 = Release|Any CPU
		{0F8645A5-B0E4-4104-A3FC-C9AF4DFDA08F}.Release|x64.ActiveCfg = Release|Any CPU
		{0F8645A5-B0E4-4104-A3FC-C9AF4DFDA08F}.Release|x64.Build.0 = Release|Any CPU
		{0F8645A5-B0E4-4104-A3FC-C9AF4DFDA08F}.Release|x86.ActiveCfg = Release|Any CPU
		{0F8645A5-B0E4-4104-A3FC-C9AF4DFDA08F}.Release|x86.Build.0 = Release|Any CPU
		{CFAEBD36-4CDA-47C4-8B14-38960C3C4634}.Debug|Any CPU.ActiveCfg = Debug|Any CPU
		{CFAEBD36-4CDA-47C4-8B14-38960C3C4634}.Debug|Any CPU.Build.0 = Debug|Any CPU
		{CFAEBD36-4CDA-47C4-8B14-38960C3C4634}.Debug|x64.ActiveCfg = Debug|Any CPU
		{CFAEBD36-4CDA-47C4-8B14-38960C3C4634}.Debug|x64.Build.0 = Debug|Any CPU
		{CFAEBD36-4CDA-47C4-8B14-38960C3C4634}.Debug|x86.ActiveCfg = Debug|Any CPU
		{CFAEBD36-4CDA-47C4-8B14-38960C3C4634}.Debug|x86.Build.0 = Debug|Any CPU
		{CFAEBD36-4CDA-47C4-8B14-38960C3C4634}.Release|Any CPU.ActiveCfg = Release|Any CPU
		{CFAEBD36-4CDA-47C4-8B14-38960C3C4634}.Release|Any CPU.Build.0 = Release|Any CPU
		{CFAEBD36-4CDA-47C4-8B14-38960C3C4634}.Release|x64.ActiveCfg = Release|Any CPU
		{CFAEBD36-4CDA-47C4-8B14-38960C3C4634}.Release|x64.Build.0 = Release|Any CPU
		{CFAEBD36-4CDA-47C4-8B14-38960C3C4634}.Release|x86.ActiveCfg = Release|Any CPU
		{CFAEBD36-4CDA-47C4-8B14-38960C3C4634}.Release|x86.Build.0 = Release|Any CPU
		{9D3E704B-2253-47CC-B8C2-E8C162FF355C}.Debug|Any CPU.ActiveCfg = Debug|Any CPU
		{9D3E704B-2253-47CC-B8C2-E8C162FF355C}.Debug|Any CPU.Build.0 = Debug|Any CPU
		{9D3E704B-2253-47CC-B8C2-E8C162FF355C}.Debug|x64.ActiveCfg = Debug|Any CPU
		{9D3E704B-2253-47CC-B8C2-E8C162FF355C}.Debug|x64.Build.0 = Debug|Any CPU
		{9D3E704B-2253-47CC-B8C2-E8C162FF355C}.Debug|x86.ActiveCfg = Debug|Any CPU
		{9D3E704B-2253-47CC-B8C2-E8C162FF355C}.Debug|x86.Build.0 = Debug|Any CPU
		{9D3E704B-2253-47CC-B8C2-E8C162FF355C}.Release|Any CPU.ActiveCfg = Release|Any CPU
		{9D3E704B-2253-47CC-B8C2-E8C162FF355C}.Release|Any CPU.Build.0 = Release|Any CPU
		{9D3E704B-2253-47CC-B8C2-E8C162FF355C}.Release|x64.ActiveCfg = Release|Any CPU
		{9D3E704B-2253-47CC-B8C2-E8C162FF355C}.Release|x64.Build.0 = Release|Any CPU
		{9D3E704B-2253-47CC-B8C2-E8C162FF355C}.Release|x86.ActiveCfg = Release|Any CPU
		{9D3E704B-2253-47CC-B8C2-E8C162FF355C}.Release|x86.Build.0 = Release|Any CPU
		{311E631E-966F-423A-AF13-BFEFEC7973C0}.Debug|Any CPU.ActiveCfg = Debug|Any CPU
		{311E631E-966F-423A-AF13-BFEFEC7973C0}.Debug|Any CPU.Build.0 = Debug|Any CPU
		{311E631E-966F-423A-AF13-BFEFEC7973C0}.Debug|x64.ActiveCfg = Debug|Any CPU
		{311E631E-966F-423A-AF13-BFEFEC7973C0}.Debug|x64.Build.0 = Debug|Any CPU
		{311E631E-966F-423A-AF13-BFEFEC7973C0}.Debug|x86.ActiveCfg = Debug|Any CPU
		{311E631E-966F-423A-AF13-BFEFEC7973C0}.Debug|x86.Build.0 = Debug|Any CPU
		{311E631E-966F-423A-AF13-BFEFEC7973C0}.Release|Any CPU.ActiveCfg = Release|Any CPU
		{311E631E-966F-423A-AF13-BFEFEC7973C0}.Release|Any CPU.Build.0 = Release|Any CPU
		{311E631E-966F-423A-AF13-BFEFEC7973C0}.Release|x64.ActiveCfg = Release|Any CPU
		{311E631E-966F-423A-AF13-BFEFEC7973C0}.Release|x64.Build.0 = Release|Any CPU
		{311E631E-966F-423A-AF13-BFEFEC7973C0}.Release|x86.ActiveCfg = Release|Any CPU
		{311E631E-966F-423A-AF13-BFEFEC7973C0}.Release|x86.Build.0 = Release|Any CPU
		{DD1048AA-76FA-4614-A426-E3980D66C6E3}.Debug|Any CPU.ActiveCfg = Debug|Any CPU
		{DD1048AA-76FA-4614-A426-E3980D66C6E3}.Debug|Any CPU.Build.0 = Debug|Any CPU
		{DD1048AA-76FA-4614-A426-E3980D66C6E3}.Debug|x64.ActiveCfg = Debug|Any CPU
		{DD1048AA-76FA-4614-A426-E3980D66C6E3}.Debug|x64.Build.0 = Debug|Any CPU
		{DD1048AA-76FA-4614-A426-E3980D66C6E3}.Debug|x86.ActiveCfg = Debug|Any CPU
		{DD1048AA-76FA-4614-A426-E3980D66C6E3}.Debug|x86.Build.0 = Debug|Any CPU
		{DD1048AA-76FA-4614-A426-E3980D66C6E3}.Release|Any CPU.ActiveCfg = Release|Any CPU
		{DD1048AA-76FA-4614-A426-E3980D66C6E3}.Release|Any CPU.Build.0 = Release|Any CPU
		{DD1048AA-76FA-4614-A426-E3980D66C6E3}.Release|x64.ActiveCfg = Release|Any CPU
		{DD1048AA-76FA-4614-A426-E3980D66C6E3}.Release|x64.Build.0 = Release|Any CPU
		{DD1048AA-76FA-4614-A426-E3980D66C6E3}.Release|x86.ActiveCfg = Release|Any CPU
		{DD1048AA-76FA-4614-A426-E3980D66C6E3}.Release|x86.Build.0 = Release|Any CPU
	EndGlobalSection
	GlobalSection(SolutionProperties) = preSolution
		HideSolutionNode = FALSE
	EndGlobalSection
	GlobalSection(ExtensibilityGlobals) = postSolution
		SolutionGuid = {E1C60DC3-4ED0-4E69-BD4C-C3671E946846}
	EndGlobalSection
EndGlobal
